<?xml version="1.0" encoding="utf-8"?>
<Project ToolsVersion="4.0" xmlns="http://schemas.microsoft.com/developer/msbuild/2003">
  <ItemGroup>
    <Filter Include="Ellie">
      <UniqueIdentifier>{30AD1C0D-9CC1-44BE-6543-E81DD11641EF}</UniqueIdentifier>
    </Filter>
    <Filter Include="Ellie\Events">
      <UniqueIdentifier>{14A3454A-0006-D5EE-A98B-0DA595CDA071}</UniqueIdentifier>
    </Filter>
  </ItemGroup>
  <ItemGroup>
    <ClInclude Include="src\Ellie.h" />
    <ClInclude Include="src\Ellie\Application.h">
      <Filter>Ellie</Filter>
    </ClInclude>
    <ClInclude Include="src\Ellie\Core.h">
      <Filter>Ellie</Filter>
    </ClInclude>
    <ClInclude Include="src\Ellie\EntryPoint.h">
      <Filter>Ellie</Filter>
    </ClInclude>
    <ClInclude Include="src\Ellie\Events\ApplicationEvent.h">
      <Filter>Ellie\Events</Filter>
    </ClInclude>
    <ClInclude Include="src\Ellie\Events\Event.h">
      <Filter>Ellie\Events</Filter>
    </ClInclude>
    <ClInclude Include="src\Ellie\Events\KeyEvent.h">
      <Filter>Ellie\Events</Filter>
    </ClInclude>
    <ClInclude Include="src\Ellie\Events\MouseEvent.h">
      <Filter>Ellie\Events</Filter>
    </ClInclude>
    <ClInclude Include="src\Ellie\Log.h">
      <Filter>Ellie</Filter>
    </ClInclude>
  </ItemGroup>
  <ItemGroup>
    <ClCompile Include="src\Ellie\Application.cpp">
      <Filter>Ellie</Filter>
    </ClCompile>
    <ClCompile Include="src\Ellie\Log.cpp">
      <Filter>Ellie</Filter>
    </ClCompile>
  </ItemGroup>
</Project>