<?xml version="1.0" encoding="utf-8"?>
<Project ToolsVersion="4.0" xmlns="http://schemas.microsoft.com/developer/msbuild/2003">
  <ItemGroup>
    <Filter Include="Ellie">
      <UniqueIdentifier>{30AD1C0D-9CC1-44BE-6543-E81DD11641EF}</UniqueIdentifier>
    </Filter>
    <Filter Include="Ellie\Events">
      <UniqueIdentifier>{14A3454A-0006-D5EE-A98B-0DA595CDA071}</UniqueIdentifier>
    </Filter>
    <Filter Include="Ellie\Platform">
      <UniqueIdentifier>{84BF580E-708D-4C14-5921-BD3A458E2879}</UniqueIdentifier>
    </Filter>
    <Filter Include="Ellie\Platform\Windows">
      <UniqueIdentifier>{BEADDF54-AAA7-08A7-9314-9FB77FAD6E13}</UniqueIdentifier>
    </Filter>
  </ItemGroup>
  <ItemGroup>
    <ClInclude Include="src\Ellie.h" />
    <ClInclude Include="src\Ellie\Application.h">
      <Filter>Ellie</Filter>
    </ClInclude>
    <ClInclude Include="src\Ellie\Core.h">
      <Filter>Ellie</Filter>
    </ClInclude>
    <ClInclude Include="src\Ellie\EntryPoint.h">
      <Filter>Ellie</Filter>
    </ClInclude>
    <ClInclude Include="src\Ellie\Events\ApplicationEvent.h">
      <Filter>Ellie\Events</Filter>
    </ClInclude>
    <ClInclude Include="src\Ellie\Events\Event.h">
      <Filter>Ellie\Events</Filter>
    </ClInclude>
    <ClInclude Include="src\Ellie\Events\KeyEvent.h">
      <Filter>Ellie\Events</Filter>
    </ClInclude>
    <ClInclude Include="src\Ellie\Events\MouseEvent.h">
      <Filter>Ellie\Events</Filter>
    </ClInclude>
    <ClInclude Include="src\Ellie\Layer.h">
      <Filter>Ellie</Filter>
    </ClInclude>
    <ClInclude Include="src\Ellie\LayerStack.h">
      <Filter>Ellie</Filter>
    </ClInclude>
    <ClInclude Include="src\Ellie\Log.h">
      <Filter>Ellie</Filter>
    </ClInclude>
    <ClInclude Include="src\Ellie\Platform\Windows\WindowsWindow.h">
      <Filter>Ellie\Platform\Windows</Filter>
    </ClInclude>
    <ClInclude Include="src\Ellie\Window.h">
      <Filter>Ellie</Filter>
    </ClInclude>
    <ClInclude Include="src\eepch.h" />
  </ItemGroup>
  <ItemGroup>
    <ClCompile Include="src\Ellie\Application.cpp">
      <Filter>Ellie</Filter>
    </ClCompile>
    <ClCompile Include="src\Ellie\Layer.cpp">
      <Filter>Ellie</Filter>
    </ClCompile>
    <ClCompile Include="src\Ellie\LayerStack.cpp">
      <Filter>Ellie</Filter>
    </ClCompile>
    <ClCompile Include="src\Ellie\Log.cpp">
      <Filter>Ellie</Filter>
    </ClCompile>
    <ClCompile Include="src\Ellie\Platform\Windows\WindowsWindow.cpp">
      <Filter>Ellie\Platform\Windows</Filter>
    </ClCompile>
    <ClCompile Include="src\eepch.cpp" />
  </ItemGroup>
</Project>